
Microsoft Visual Studio Solution File, Format Version 12.00
# Visual Studio Version 16
VisualStudioVersion = 16.0.29709.97
MinimumVisualStudioVersion = 10.0.40219.1
Project("{FAE04EC0-301F-11D3-BF4B-00C04F79EFBC}") = "Bar", "Bar\Bar.csproj", "{796683BC-3A61-41B2-AFD8-36D67D58E47F}"
EndProject
Global
	GlobalSection(SolutionConfigurationPlatforms) = preSolution
		Debug|Any CPU = Debug|Any CPU
		Release|Any CPU = Release|Any CPU
	EndGlobalSection
	GlobalSection(ProjectConfigurationPlatforms) = postSolution
		{796683BC-3A61-41B2-AFD8-36D67D58E47F}.Debug|Any CPU.ActiveCfg = Debug|Any CPU
		{796683BC-3A61-41B2-AFD8-36D67D58E47F}.Debug|Any CPU.Build.0 = Debug|Any CPU
		{796683BC-3A61-41B2-AFD8-36D67D58E47F}.Release|Any CPU.ActiveCfg = Release|Any CPU
		{796683BC-3A61-41B2-AFD8-36D67D58E47F}.Release|Any CPU.Build.0 = Release|Any CPU
	EndGlobalSection
	GlobalSection(SolutionProperties) = preSolution
		HideSolutionNode = FALSE
	EndGlobalSection
	GlobalSection(ExtensibilityGlobals) = postSolution
		SolutionGuid = {622CEBF2-7215-4800-9157-0453D9E659FF}
	EndGlobalSection
EndGlobal
